
Microsoft Visual Studio Solution File, Format Version 12.00
# Visual Studio Version 16
VisualStudioVersion = 16.0.29613.14
MinimumVisualStudioVersion = 10.0.40219.1
Project("{FAE04EC0-301F-11D3-BF4B-00C04F79EFBC}") = "Tray Application", "Tray Application.csproj", "{3DB890EF-B91B-43F5-9C92-DCC2EDDF2FBB}"
EndProject
Global
	GlobalSection(SolutionConfigurationPlatforms) = preSolution
		Debug|Any CPU = Debug|Any CPU
		Release|Any CPU = Release|Any CPU
	EndGlobalSection
	GlobalSection(ProjectConfigurationPlatforms) = postSolution
		{3DB890EF-B91B-43F5-9C92-DCC2EDDF2FBB}.Debug|Any CPU.ActiveCfg = Debug|Any CPU
		{3DB890EF-B91B-43F5-9C92-DCC2EDDF2FBB}.Debug|Any CPU.Build.0 = Debug|Any CPU
		{3DB890EF-B91B-43F5-9C92-DCC2EDDF2FBB}.Release|Any CPU.ActiveCfg = Release|Any CPU
		{3DB890EF-B91B-43F5-9C92-DCC2EDDF2FBB}.Release|Any CPU.Build.0 = Release|Any CPU
	EndGlobalSection
	GlobalSection(SolutionProperties) = preSolution
		HideSolutionNode = FALSE
	EndGlobalSection
	GlobalSection(ExtensibilityGlobals) = postSolution
		SolutionGuid = {DF626DE9-71A9-49E5-921B-CD882CF5FCC1}
	EndGlobalSection
EndGlobal
